
Microsoft Visual Studio Solution File, Format Version 12.00
# Visual Studio Version 16
VisualStudioVersion = 16.0.29215.179
MinimumVisualStudioVersion = 10.0.40219.1
Project("{FAE04EC0-301F-11D3-BF4B-00C04F79EFBC}") = "User", "User\User.csproj", "{7E96D8DD-67DA-42BA-BCE9-C597C1A75E53}"
EndProject
Global
	GlobalSection(SolutionConfigurationPlatforms) = preSolution
		Debug|Any CPU = Debug|Any CPU
		Release|Any CPU = Release|Any CPU
	EndGlobalSection
	GlobalSection(ProjectConfigurationPlatforms) = postSolution
		{7E96D8DD-67DA-42BA-BCE9-C597C1A75E53}.Debug|Any CPU.ActiveCfg = Debug|Any CPU
		{7E96D8DD-67DA-42BA-BCE9-C597C1A75E53}.Debug|Any CPU.Build.0 = Debug|Any CPU
		{7E96D8DD-67DA-42BA-BCE9-C597C1A75E53}.Release|Any CPU.ActiveCfg = Release|Any CPU
		{7E96D8DD-67DA-42BA-BCE9-C597C1A75E53}.Release|Any CPU.Build.0 = Release|Any CPU
	EndGlobalSection
	GlobalSection(SolutionProperties) = preSolution
		HideSolutionNode = FALSE
	EndGlobalSection
	GlobalSection(ExtensibilityGlobals) = postSolution
		SolutionGuid = {5597F100-D355-4D01-BEAE-8F5BE7CDDE79}
	EndGlobalSection
EndGlobal
